
Microsoft Visual Studio Solution File, Format Version 12.00
# Visual Studio Version 16
VisualStudioVersion = 16.0.30320.27
MinimumVisualStudioVersion = 10.0.40219.1
Project("{FAE04EC0-301F-11D3-BF4B-00C04F79EFBC}") = "PAV_primeraEntrega", "PAV_primeraEntrega\PAV_primeraEntrega.csproj", "{1DCBE50F-1015-48D0-B711-2219584EFD9F}"
EndProject
Global
	GlobalSection(SolutionConfigurationPlatforms) = preSolution
		Debug|Any CPU = Debug|Any CPU
		Release|Any CPU = Release|Any CPU
	EndGlobalSection
	GlobalSection(ProjectConfigurationPlatforms) = postSolution
		{1DCBE50F-1015-48D0-B711-2219584EFD9F}.Debug|Any CPU.ActiveCfg = Debug|Any CPU
		{1DCBE50F-1015-48D0-B711-2219584EFD9F}.Debug|Any CPU.Build.0 = Debug|Any CPU
		{1DCBE50F-1015-48D0-B711-2219584EFD9F}.Release|Any CPU.ActiveCfg = Release|Any CPU
		{1DCBE50F-1015-48D0-B711-2219584EFD9F}.Release|Any CPU.Build.0 = Release|Any CPU
	EndGlobalSection
	GlobalSection(SolutionProperties) = preSolution
		HideSolutionNode = FALSE
	EndGlobalSection
	GlobalSection(ExtensibilityGlobals) = postSolution
		SolutionGuid = {34946019-EA18-4761-8B0D-375A5487768C}
	EndGlobalSection
EndGlobal
